
Microsoft Visual Studio Solution File, Format Version 10.00
# Visual Studio 2008
Project("{FAE04EC0-301F-11D3-BF4B-00C04F79EFBC}") = "Memcached.Installer", "Memcached.Installer\Memcached.Installer.csproj", "{27636C7E-5839-49EB-AAC2-A2AAFA9490E7}"
EndProject
Global
	GlobalSection(SolutionConfigurationPlatforms) = preSolution
		Debug|Any CPU = Debug|Any CPU
		Release|Any CPU = Release|Any CPU
	EndGlobalSection
	GlobalSection(ProjectConfigurationPlatforms) = postSolution
		{27636C7E-5839-49EB-AAC2-A2AAFA9490E7}.Debug|Any CPU.ActiveCfg = Debug|Any CPU
		{27636C7E-5839-49EB-AAC2-A2AAFA9490E7}.Debug|Any CPU.Build.0 = Debug|Any CPU
		{27636C7E-5839-49EB-AAC2-A2AAFA9490E7}.Release|Any CPU.ActiveCfg = Release|Any CPU
		{27636C7E-5839-49EB-AAC2-A2AAFA9490E7}.Release|Any CPU.Build.0 = Release|Any CPU
	EndGlobalSection
	GlobalSection(SolutionProperties) = preSolution
		HideSolutionNode = FALSE
	EndGlobalSection
EndGlobal
